{
  "version": 4,
  "terraform_version": "1.2.8",
  "serial": 43,
  "lineage": "05c8fce4-dd38-a30d-4687-bd3a1e37c0b1",
  "outputs": {},
  "resources": [
    {
      "mode": "managed",
      "type": "yandex_compute_instance",
      "name": "nat-instance",
      "provider": "provider[\"registry.terraform.io/yandex-cloud/yandex\"]",
      "instances": [
        {
          "schema_version": 1,
          "attributes": {
            "allow_recreate": null,
            "allow_stopping_for_update": null,
            "boot_disk": [
              {
                "auto_delete": true,
                "device_name": "epdkd84v8eein6k3odbm",
                "disk_id": "epdkd84v8eein6k3odbm",
                "initialize_params": [
                  {
                    "block_size": 4096,
                    "description": "",
                    "image_id": "fd80mrhj8fl2oe87o4e1",
                    "name": "",
                    "size": 3,
                    "snapshot_id": "",
                    "type": "network-hdd"
                  }
                ],
                "mode": "READ_WRITE"
              }
            ],
            "created_at": "2022-09-09T17:53:13Z",
            "description": "",
            "folder_id": "b1guatvqjfbqlihdd56t",
            "fqdn": "epdrlckel98sk40ooi8g.auto.internal",
            "hostname": "",
            "id": "epdrlckel98sk40ooi8g",
            "labels": {},
            "local_disk": [],
            "metadata": {
              "ssh-keys": "ubuntu:ssh-rsa AAAAB3NzaC1yc2EAAAADAQABAAACAQDjRJAVdigE32qzE92dmv7WjCthKZdIOAK0f+BD2WHaI6kzQxVimuECuj2J9bdJCeXAoiz/oeynnKkmrWusGdE464/GTHn0HRD7cwaimvpNe5dxvgqRopX/xo7KqMvYREQq4kfXIMms3w96fpHbGsmzSlcz29IYkIAmcN2hMvpKnX1QNwn+wmNylTxqAAEPG4BWbZwnugDTvoTsjnUCirThCSY6d2Fwyj0mIISBUxFDgaRUvcYaNJE4OGwOU9IP+cEwGPTheMwXkoK2rM9afTuTidY0Pv0/gIT1puc87CqBNUZh1Q2pg7g3mAsCLlCk0MTji94POAF6IBtVLL2dUxXWzNmjWnAkFRgYkBvwf196ECGgxqpMl7zsZwUKRttotoN6+DErBFGGKG1je19ICR0o3P6tkJP58OrjyoYhYTKhDtCYtKyTBju56fZIqIXi+RUZyrccrVFZ2It8FlS+2h8vM8jzptUlLTxX7HJHZW18/+6aFHD39/+Xuy84Ns6IJqgg/dUfTRxs7MqUUee2bwt7fkqtIJQMb2y2Ijxnh+mVCOFM3yeb5374ivj1MBq0sK3vgvGmpBPLRR5/seh3Ol92Y/qw7+4Q2N6FTHueQ7TDWlj+/hpOV8CCQnQGqFDEkiXDXavYN2C3GruiVK+IxTNLjmLR7ffMuI3hJX6ul4dsdQ== vladyezh@gmail.com\n"
            },
            "name": "nat-instance",
            "network_acceleration_type": "standard",
            "network_interface": [
              {
                "dns_record": [],
                "index": 0,
                "ip_address": "192.168.10.254",
                "ipv4": true,
                "ipv6": false,
                "ipv6_address": "",
                "ipv6_dns_record": [],
                "mac_address": "d0:0d:1b:ab:28:ea",
                "nat": true,
                "nat_dns_record": [],
                "nat_ip_address": "51.250.19.42",
                "nat_ip_version": "IPV4",
                "security_group_ids": [],
                "subnet_id": "e2lhaqaiton6qcu0t8oa"
              }
            ],
            "placement_policy": [
              {
                "host_affinity_rules": [],
                "placement_group_id": ""
              }
            ],
            "platform_id": "standard-v1",
            "resources": [
              {
                "core_fraction": 100,
                "cores": 2,
                "gpus": 0,
                "memory": 4
              }
            ],
            "scheduling_policy": [
              {
                "preemptible": false
              }
            ],
            "secondary_disk": [],
            "service_account_id": "",
            "status": "running",
            "timeouts": null,
            "zone": "ru-central1-b"
          },
          "sensitive_attributes": [],
          "private": "eyJlMmJmYjczMC1lY2FhLTExZTYtOGY4OC0zNDM2M2JjN2M0YzAiOnsiY3JlYXRlIjozMDAwMDAwMDAwMDAsImRlbGV0ZSI6MzAwMDAwMDAwMDAwLCJ1cGRhdGUiOjMwMDAwMDAwMDAwMH0sInNjaGVtYV92ZXJzaW9uIjoiMSJ9",
          "dependencies": [
            "yandex_vpc_network.vpc1",
            "yandex_vpc_subnet.public"
          ]
        }
      ]
    },
    {
      "mode": "managed",
      "type": "yandex_compute_instance",
      "name": "vm1",
      "provider": "provider[\"registry.terraform.io/yandex-cloud/yandex\"]",
      "instances": [
        {
          "schema_version": 1,
          "attributes": {
            "allow_recreate": null,
            "allow_stopping_for_update": null,
            "boot_disk": [
              {
                "auto_delete": true,
                "device_name": "epd6ghclgstr29fmijsb",
                "disk_id": "epd6ghclgstr29fmijsb",
                "initialize_params": [
                  {
                    "block_size": 4096,
                    "description": "",
                    "image_id": "fd8c00efhiopj3rlnlbn",
                    "name": "",
                    "size": 5,
                    "snapshot_id": "",
                    "type": "network-hdd"
                  }
                ],
                "mode": "READ_WRITE"
              }
            ],
            "created_at": "2022-09-09T18:45:43Z",
            "description": "",
            "folder_id": "b1guatvqjfbqlihdd56t",
            "fqdn": "epdfvcjhqc5f021tu94k.auto.internal",
            "hostname": "",
            "id": "epdfvcjhqc5f021tu94k",
            "labels": null,
            "local_disk": [],
            "metadata": {
              "ssh-keys": "ubuntu:ssh-rsa AAAAB3NzaC1yc2EAAAADAQABAAACAQDjRJAVdigE32qzE92dmv7WjCthKZdIOAK0f+BD2WHaI6kzQxVimuECuj2J9bdJCeXAoiz/oeynnKkmrWusGdE464/GTHn0HRD7cwaimvpNe5dxvgqRopX/xo7KqMvYREQq4kfXIMms3w96fpHbGsmzSlcz29IYkIAmcN2hMvpKnX1QNwn+wmNylTxqAAEPG4BWbZwnugDTvoTsjnUCirThCSY6d2Fwyj0mIISBUxFDgaRUvcYaNJE4OGwOU9IP+cEwGPTheMwXkoK2rM9afTuTidY0Pv0/gIT1puc87CqBNUZh1Q2pg7g3mAsCLlCk0MTji94POAF6IBtVLL2dUxXWzNmjWnAkFRgYkBvwf196ECGgxqpMl7zsZwUKRttotoN6+DErBFGGKG1je19ICR0o3P6tkJP58OrjyoYhYTKhDtCYtKyTBju56fZIqIXi+RUZyrccrVFZ2It8FlS+2h8vM8jzptUlLTxX7HJHZW18/+6aFHD39/+Xuy84Ns6IJqgg/dUfTRxs7MqUUee2bwt7fkqtIJQMb2y2Ijxnh+mVCOFM3yeb5374ivj1MBq0sK3vgvGmpBPLRR5/seh3Ol92Y/qw7+4Q2N6FTHueQ7TDWlj+/hpOV8CCQnQGqFDEkiXDXavYN2C3GruiVK+IxTNLjmLR7ffMuI3hJX6ul4dsdQ== vladyezh@gmail.com\n"
            },
            "name": "public-vm",
            "network_acceleration_type": "standard",
            "network_interface": [
              {
                "dns_record": [],
                "index": 0,
                "ip_address": "192.168.10.22",
                "ipv4": true,
                "ipv6": false,
                "ipv6_address": "",
                "ipv6_dns_record": [],
                "mac_address": "d0:0d:ff:b2:71:d3",
                "nat": true,
                "nat_dns_record": [],
                "nat_ip_address": "51.250.19.162",
                "nat_ip_version": "IPV4",
                "security_group_ids": [],
                "subnet_id": "e2lhaqaiton6qcu0t8oa"
              }
            ],
            "placement_policy": [
              {
                "host_affinity_rules": [],
                "placement_group_id": ""
              }
            ],
            "platform_id": "standard-v1",
            "resources": [
              {
                "core_fraction": 20,
                "cores": 2,
                "gpus": 0,
                "memory": 2
              }
            ],
            "scheduling_policy": [
              {
                "preemptible": true
              }
            ],
            "secondary_disk": [],
            "service_account_id": "",
            "status": "running",
            "timeouts": null,
            "zone": "ru-central1-b"
          },
          "sensitive_attributes": [],
          "private": "eyJlMmJmYjczMC1lY2FhLTExZTYtOGY4OC0zNDM2M2JjN2M0YzAiOnsiY3JlYXRlIjozMDAwMDAwMDAwMDAsImRlbGV0ZSI6MzAwMDAwMDAwMDAwLCJ1cGRhdGUiOjMwMDAwMDAwMDAwMH0sInNjaGVtYV92ZXJzaW9uIjoiMSJ9",
          "dependencies": [
            "yandex_vpc_subnet.public"
          ]
        }
      ]
    },
    {
      "mode": "managed",
      "type": "yandex_compute_instance",
      "name": "vm2",
      "provider": "provider[\"registry.terraform.io/yandex-cloud/yandex\"]",
      "instances": [
        {
          "schema_version": 1,
          "attributes": {
            "allow_recreate": null,
            "allow_stopping_for_update": null,
            "boot_disk": [
              {
                "auto_delete": true,
                "device_name": "epdg8bdhvn6tkk43js66",
                "disk_id": "epdg8bdhvn6tkk43js66",
                "initialize_params": [
                  {
                    "block_size": 4096,
                    "description": "",
                    "image_id": "fd8c00efhiopj3rlnlbn",
                    "name": "",
                    "size": 5,
                    "snapshot_id": "",
                    "type": "network-hdd"
                  }
                ],
                "mode": "READ_WRITE"
              }
            ],
            "created_at": "2022-09-09T18:45:39Z",
            "description": "",
            "folder_id": "b1guatvqjfbqlihdd56t",
            "fqdn": "epd7glqlqbva928h55c6.auto.internal",
            "hostname": "",
            "id": "epd7glqlqbva928h55c6",
            "labels": null,
            "local_disk": [],
            "metadata": {
              "ssh-keys": "ubuntu:ssh-rsa AAAAB3NzaC1yc2EAAAADAQABAAACAQDjRJAVdigE32qzE92dmv7WjCthKZdIOAK0f+BD2WHaI6kzQxVimuECuj2J9bdJCeXAoiz/oeynnKkmrWusGdE464/GTHn0HRD7cwaimvpNe5dxvgqRopX/xo7KqMvYREQq4kfXIMms3w96fpHbGsmzSlcz29IYkIAmcN2hMvpKnX1QNwn+wmNylTxqAAEPG4BWbZwnugDTvoTsjnUCirThCSY6d2Fwyj0mIISBUxFDgaRUvcYaNJE4OGwOU9IP+cEwGPTheMwXkoK2rM9afTuTidY0Pv0/gIT1puc87CqBNUZh1Q2pg7g3mAsCLlCk0MTji94POAF6IBtVLL2dUxXWzNmjWnAkFRgYkBvwf196ECGgxqpMl7zsZwUKRttotoN6+DErBFGGKG1je19ICR0o3P6tkJP58OrjyoYhYTKhDtCYtKyTBju56fZIqIXi+RUZyrccrVFZ2It8FlS+2h8vM8jzptUlLTxX7HJHZW18/+6aFHD39/+Xuy84Ns6IJqgg/dUfTRxs7MqUUee2bwt7fkqtIJQMb2y2Ijxnh+mVCOFM3yeb5374ivj1MBq0sK3vgvGmpBPLRR5/seh3Ol92Y/qw7+4Q2N6FTHueQ7TDWlj+/hpOV8CCQnQGqFDEkiXDXavYN2C3GruiVK+IxTNLjmLR7ffMuI3hJX6ul4dsdQ== vladyezh@gmail.com\n"
            },
            "name": "private-vm",
            "network_acceleration_type": "standard",
            "network_interface": [
              {
                "dns_record": [],
                "index": 0,
                "ip_address": "192.168.20.10",
                "ipv4": true,
                "ipv6": false,
                "ipv6_address": "",
                "ipv6_dns_record": [],
                "mac_address": "d0:0d:78:57:55:d2",
                "nat": false,
                "nat_dns_record": [],
                "nat_ip_address": "",
                "nat_ip_version": "",
                "security_group_ids": [],
                "subnet_id": "e2ll3oiq04sfnnaccao9"
              }
            ],
            "placement_policy": [
              {
                "host_affinity_rules": [],
                "placement_group_id": ""
              }
            ],
            "platform_id": "standard-v1",
            "resources": [
              {
                "core_fraction": 20,
                "cores": 2,
                "gpus": 0,
                "memory": 2
              }
            ],
            "scheduling_policy": [
              {
                "preemptible": true
              }
            ],
            "secondary_disk": [],
            "service_account_id": "",
            "status": "running",
            "timeouts": null,
            "zone": "ru-central1-b"
          },
          "sensitive_attributes": [],
          "private": "eyJlMmJmYjczMC1lY2FhLTExZTYtOGY4OC0zNDM2M2JjN2M0YzAiOnsiY3JlYXRlIjozMDAwMDAwMDAwMDAsImRlbGV0ZSI6MzAwMDAwMDAwMDAwLCJ1cGRhdGUiOjMwMDAwMDAwMDAwMH0sInNjaGVtYV92ZXJzaW9uIjoiMSJ9",
          "dependencies": [
            "yandex_vpc_subnet.private"
          ]
        }
      ]
    },
    {
      "mode": "managed",
      "type": "yandex_vpc_network",
      "name": "vpc1",
      "provider": "provider[\"registry.terraform.io/yandex-cloud/yandex\"]",
      "instances": [
        {
          "schema_version": 0,
          "attributes": {
            "created_at": "2022-09-09T17:53:11Z",
            "default_security_group_id": "",
            "description": "",
            "folder_id": "b1guatvqjfbqlihdd56t",
            "id": "enp6enfl1a2kh745f4gl",
            "labels": {},
            "name": "network-vpc1",
            "subnet_ids": [
              "e2lhaqaiton6qcu0t8oa",
              "e2ll3oiq04sfnnaccao9"
            ],
            "timeouts": null
          },
          "sensitive_attributes": [],
          "private": "eyJlMmJmYjczMC1lY2FhLTExZTYtOGY4OC0zNDM2M2JjN2M0YzAiOnsiY3JlYXRlIjo2MDAwMDAwMDAwMCwiZGVsZXRlIjo2MDAwMDAwMDAwMCwidXBkYXRlIjo2MDAwMDAwMDAwMH19"
        }
      ]
    },
    {
      "mode": "managed",
      "type": "yandex_vpc_route_table",
      "name": "nat-route",
      "provider": "provider[\"registry.terraform.io/yandex-cloud/yandex\"]",
      "instances": [
        {
          "schema_version": 0,
          "attributes": {
            "created_at": "2022-09-09T17:53:13Z",
            "description": "",
            "folder_id": "b1guatvqjfbqlihdd56t",
            "id": "enppc2e26j277nop2slp",
            "labels": {},
            "name": "",
            "network_id": "enp6enfl1a2kh745f4gl",
            "static_route": [
              {
                "destination_prefix": "0.0.0.0/0",
                "gateway_id": "",
                "next_hop_address": "192.168.10.254"
              }
            ],
            "timeouts": null
          },
          "sensitive_attributes": [],
          "private": "eyJlMmJmYjczMC1lY2FhLTExZTYtOGY4OC0zNDM2M2JjN2M0YzAiOnsiY3JlYXRlIjoxODAwMDAwMDAwMDAsImRlbGV0ZSI6MTgwMDAwMDAwMDAwLCJ1cGRhdGUiOjE4MDAwMDAwMDAwMH19",
          "dependencies": [
            "yandex_vpc_network.vpc1"
          ]
        }
      ]
    },
    {
      "mode": "managed",
      "type": "yandex_vpc_subnet",
      "name": "private",
      "provider": "provider[\"registry.terraform.io/yandex-cloud/yandex\"]",
      "instances": [
        {
          "schema_version": 0,
          "attributes": {
            "created_at": "2022-09-09T17:53:14Z",
            "description": "",
            "dhcp_options": [],
            "folder_id": "b1guatvqjfbqlihdd56t",
            "id": "e2ll3oiq04sfnnaccao9",
            "labels": {},
            "name": "private",
            "network_id": "enp6enfl1a2kh745f4gl",
            "route_table_id": "enppc2e26j277nop2slp",
            "timeouts": null,
            "v4_cidr_blocks": [
              "192.168.20.0/24"
            ],
            "v6_cidr_blocks": [],
            "zone": "ru-central1-b"
          },
          "sensitive_attributes": [],
          "private": "eyJlMmJmYjczMC1lY2FhLTExZTYtOGY4OC0zNDM2M2JjN2M0YzAiOnsiY3JlYXRlIjoxODAwMDAwMDAwMDAsImRlbGV0ZSI6MTgwMDAwMDAwMDAwLCJ1cGRhdGUiOjE4MDAwMDAwMDAwMH19",
          "dependencies": [
            "yandex_vpc_network.vpc1",
            "yandex_vpc_route_table.nat-route"
          ]
        }
      ]
    },
    {
      "mode": "managed",
      "type": "yandex_vpc_subnet",
      "name": "public",
      "provider": "provider[\"registry.terraform.io/yandex-cloud/yandex\"]",
      "instances": [
        {
          "schema_version": 0,
          "attributes": {
            "created_at": "2022-09-09T17:53:12Z",
            "description": "",
            "dhcp_options": [],
            "folder_id": "b1guatvqjfbqlihdd56t",
            "id": "e2lhaqaiton6qcu0t8oa",
            "labels": {},
            "name": "public",
            "network_id": "enp6enfl1a2kh745f4gl",
            "route_table_id": "",
            "timeouts": null,
            "v4_cidr_blocks": [
              "192.168.10.0/24"
            ],
            "v6_cidr_blocks": [],
            "zone": "ru-central1-b"
          },
          "sensitive_attributes": [],
          "private": "eyJlMmJmYjczMC1lY2FhLTExZTYtOGY4OC0zNDM2M2JjN2M0YzAiOnsiY3JlYXRlIjoxODAwMDAwMDAwMDAsImRlbGV0ZSI6MTgwMDAwMDAwMDAwLCJ1cGRhdGUiOjE4MDAwMDAwMDAwMH19",
          "dependencies": [
            "yandex_vpc_network.vpc1"
          ]
        }
      ]
    }
  ]
}
